{
  "requires": true,
  "lockfileVersion": 1,
  "dependencies": {
    "any-promise": {
      "version": "1.3.0",
      "resolved": "https://registry.npmjs.org/any-promise/-/any-promise-1.3.0.tgz",
      "integrity": "sha1-q8av7tzqUugJzcA3au0845Y10X8="
    },
    "assertion-error": {
      "version": "1.1.0",
      "resolved": "https://registry.npmjs.org/assertion-error/-/assertion-error-1.1.0.tgz",
      "integrity": "sha512-jgsaNduz+ndvGyFt3uSuWqvy4lCnIJiovtouQN5JZHOKCS2QuhEdbcQHFhVksz2N2U9hXJo8odG7ETyWlEeuDw=="
    },
    "bindings": {
      "version": "1.3.1",
      "resolved": "https://registry.npmjs.org/bindings/-/bindings-1.3.1.tgz",
      "integrity": "sha512-i47mqjF9UbjxJhxGf+pZ6kSxrnI3wBLlnGI2ArWJ4r0VrvDS7ZYXkprq/pLaBWYq4GM0r4zdHY+NNRqEMU7uew=="
    },
    "chai": {
      "version": "4.2.0",
      "resolved": "https://registry.npmjs.org/chai/-/chai-4.2.0.tgz",
      "integrity": "sha512-XQU3bhBukrOsQCuwZndwGcCVQHyZi53fQ6Ys1Fym7E4olpIqqZZhhoFJoaKVvV17lWQoXYwgWN2nF5crA8J2jw==",
      "requires": {
        "assertion-error": "1.1.0",
        "check-error": "1.0.2",
        "deep-eql": "3.0.1",
        "get-func-name": "2.0.0",
        "pathval": "1.1.0",
        "type-detect": "4.0.8"
      }
    },
    "check-error": {
      "version": "1.0.2",
      "resolved": "https://registry.npmjs.org/check-error/-/check-error-1.0.2.tgz",
      "integrity": "sha1-V00xLt2Iu13YkS6Sht1sCu1KrII="
    },
    "debug": {
      "version": "2.6.9",
      "resolved": "https://registry.npmjs.org/debug/-/debug-2.6.9.tgz",
      "integrity": "sha512-bC7ElrdJaJnPbAP+1EotYvqZsb3ecl5wi6Bfi6BJTUcNowp6cvspg0jXznRTKDjm/E7AdgFBVeAPVMNcKGsHMA==",
      "requires": {
        "ms": "2.0.0"
      }
    },
    "deep-eql": {
      "version": "3.0.1",
      "resolved": "https://registry.npmjs.org/deep-eql/-/deep-eql-3.0.1.tgz",
      "integrity": "sha512-+QeIQyN5ZuO+3Uk5DYh6/1eKO0m0YmJFGNmFHGACpf1ClL1nmlV/p4gNgbl2pJGxgXb4faqo6UE+M5ACEMyVcw==",
      "requires": {
        "type-detect": "4.0.8"
      }
    },
    "ganache-cli": {
      "version": "6.6.0",
      "resolved": "https://registry.npmjs.org/ganache-cli/-/ganache-cli-6.6.0.tgz",
      "integrity": "sha512-6egwnHYLaROx9z1NjmyX/wAqhkqg+CleRh5cegiUn+2za17kZnmeYiSfjMfmo0hUf/d8LsvwZ9xuBhRjoXr51Q==",
      "requires": {
        "ethereumjs-util": "6.1.0",
        "source-map-support": "0.5.12",
        "yargs": "13.2.4"
      },
      "dependencies": {
        "ansi-regex": {
          "version": "4.1.0",
          "bundled": true
        },
        "ansi-styles": {
          "version": "3.2.1",
          "bundled": true,
          "requires": {
            "color-convert": "1.9.3"
          }
        },
        "bindings": {
          "version": "1.5.0",
          "bundled": true,
          "requires": {
            "file-uri-to-path": "1.0.0"
          }
        },
        "bip66": {
          "version": "1.1.5",
          "bundled": true,
          "requires": {
            "safe-buffer": "5.2.0"
          }
        },
        "bn.js": {
          "version": "4.11.8",
          "bundled": true
        },
        "brorand": {
          "version": "1.1.0",
          "bundled": true
        },
        "browserify-aes": {
          "version": "1.2.0",
          "bundled": true,
          "requires": {
            "buffer-xor": "1.0.3",
            "cipher-base": "1.0.4",
            "create-hash": "1.2.0",
            "evp_bytestokey": "1.0.3",
            "inherits": "2.0.4",
            "safe-buffer": "5.2.0"
          }
        },
        "buffer-from": {
          "version": "1.1.1",
          "bundled": true
        },
        "buffer-xor": {
          "version": "1.0.3",
          "bundled": true
        },
        "camelcase": {
          "version": "5.3.1",
          "bundled": true
        },
        "cipher-base": {
          "version": "1.0.4",
          "bundled": true,
          "requires": {
            "inherits": "2.0.4",
            "safe-buffer": "5.2.0"
          }
        },
        "cliui": {
          "version": "5.0.0",
          "bundled": true,
          "requires": {
            "string-width": "3.1.0",
            "strip-ansi": "5.2.0",
            "wrap-ansi": "5.1.0"
          }
        },
        "color-convert": {
          "version": "1.9.3",
          "bundled": true,
          "requires": {
            "color-name": "1.1.3"
          }
        },
        "color-name": {
          "version": "1.1.3",
          "bundled": true
        },
        "create-hash": {
          "version": "1.2.0",
          "bundled": true,
          "requires": {
            "cipher-base": "1.0.4",
            "inherits": "2.0.4",
            "md5.js": "1.3.5",
            "ripemd160": "2.0.2",
            "sha.js": "2.4.11"
          }
        },
        "create-hmac": {
          "version": "1.1.7",
          "bundled": true,
          "requires": {
            "cipher-base": "1.0.4",
            "create-hash": "1.2.0",
            "inherits": "2.0.4",
            "ripemd160": "2.0.2",
            "safe-buffer": "5.2.0",
            "sha.js": "2.4.11"
          }
        },
        "cross-spawn": {
          "version": "6.0.5",
          "bundled": true,
          "requires": {
            "nice-try": "1.0.5",
            "path-key": "2.0.1",
            "semver": "5.7.0",
            "shebang-command": "1.2.0",
            "which": "1.3.1"
          }
        },
        "decamelize": {
          "version": "1.2.0",
          "bundled": true
        },
        "drbg.js": {
          "version": "1.0.1",
          "bundled": true,
          "requires": {
            "browserify-aes": "1.2.0",
            "create-hash": "1.2.0",
            "create-hmac": "1.1.7"
          }
        },
        "elliptic": {
          "version": "6.5.0",
          "bundled": true,
          "requires": {
            "bn.js": "4.11.8",
            "brorand": "1.1.0",
            "hash.js": "1.1.7",
            "hmac-drbg": "1.0.1",
            "inherits": "2.0.4",
            "minimalistic-assert": "1.0.1",
            "minimalistic-crypto-utils": "1.0.1"
          }
        },
        "emoji-regex": {
          "version": "7.0.3",
          "bundled": true
        },
        "end-of-stream": {
          "version": "1.4.1",
          "bundled": true,
          "requires": {
            "once": "1.4.0"
          }
        },
        "ethereumjs-util": {
          "version": "6.1.0",
          "bundled": true,
          "requires": {
            "bn.js": "4.11.8",
            "create-hash": "1.2.0",
            "ethjs-util": "0.1.6",
            "keccak": "1.4.0",
            "rlp": "2.2.3",
            "safe-buffer": "5.2.0",
            "secp256k1": "3.7.1"
          }
        },
        "ethjs-util": {
          "version": "0.1.6",
          "bundled": true,
          "requires": {
            "is-hex-prefixed": "1.0.0",
            "strip-hex-prefix": "1.0.0"
          }
        },
        "evp_bytestokey": {
          "version": "1.0.3",
          "bundled": true,
          "requires": {
            "md5.js": "1.3.5",
            "safe-buffer": "5.2.0"
          }
        },
        "execa": {
          "version": "1.0.0",
          "bundled": true,
          "requires": {
            "cross-spawn": "6.0.5",
            "get-stream": "4.1.0",
            "is-stream": "1.1.0",
            "npm-run-path": "2.0.2",
            "p-finally": "1.0.0",
            "signal-exit": "3.0.2",
            "strip-eof": "1.0.0"
          }
        },
        "file-uri-to-path": {
          "version": "1.0.0",
          "bundled": true
        },
        "find-up": {
          "version": "3.0.0",
          "bundled": true,
          "requires": {
            "locate-path": "3.0.0"
          }
        },
        "get-caller-file": {
          "version": "2.0.5",
          "bundled": true
        },
        "get-stream": {
          "version": "4.1.0",
          "bundled": true,
          "requires": {
            "pump": "3.0.0"
          }
        },
        "hash-base": {
          "version": "3.0.4",
          "bundled": true,
          "requires": {
            "inherits": "2.0.4",
            "safe-buffer": "5.2.0"
          }
        },
        "hash.js": {
          "version": "1.1.7",
          "bundled": true,
          "requires": {
            "inherits": "2.0.4",
            "minimalistic-assert": "1.0.1"
          }
        },
        "hmac-drbg": {
          "version": "1.0.1",
          "bundled": true,
          "requires": {
            "hash.js": "1.1.7",
            "minimalistic-assert": "1.0.1",
            "minimalistic-crypto-utils": "1.0.1"
          }
        },
        "inherits": {
          "version": "2.0.4",
          "bundled": true
        },
        "invert-kv": {
          "version": "2.0.0",
          "bundled": true
        },
        "is-fullwidth-code-point": {
          "version": "2.0.0",
          "bundled": true
        },
        "is-hex-prefixed": {
          "version": "1.0.0",
          "bundled": true
        },
        "is-stream": {
          "version": "1.1.0",
          "bundled": true
        },
        "isexe": {
          "version": "2.0.0",
          "bundled": true
        },
        "keccak": {
          "version": "1.4.0",
          "bundled": true,
          "requires": {
            "bindings": "1.5.0",
            "inherits": "2.0.4",
            "nan": "2.14.0",
            "safe-buffer": "5.2.0"
          }
        },
        "lcid": {
          "version": "2.0.0",
          "bundled": true,
          "requires": {
            "invert-kv": "2.0.0"
          }
        },
        "locate-path": {
          "version": "3.0.0",
          "bundled": true,
          "requires": {
            "p-locate": "3.0.0",
            "path-exists": "3.0.0"
          }
        },
        "map-age-cleaner": {
          "version": "0.1.3",
          "bundled": true,
          "requires": {
            "p-defer": "1.0.0"
          }
        },
        "md5.js": {
          "version": "1.3.5",
          "bundled": true,
          "requires": {
            "hash-base": "3.0.4",
            "inherits": "2.0.4",
            "safe-buffer": "5.2.0"
          }
        },
        "mem": {
          "version": "4.3.0",
          "bundled": true,
          "requires": {
            "map-age-cleaner": "0.1.3",
            "mimic-fn": "2.1.0",
            "p-is-promise": "2.1.0"
          }
        },
        "mimic-fn": {
          "version": "2.1.0",
          "bundled": true
        },
        "minimalistic-assert": {
          "version": "1.0.1",
          "bundled": true
        },
        "minimalistic-crypto-utils": {
          "version": "1.0.1",
          "bundled": true
        },
        "nan": {
          "version": "2.14.0",
          "bundled": true
        },
        "nice-try": {
          "version": "1.0.5",
          "bundled": true
        },
        "npm-run-path": {
          "version": "2.0.2",
          "bundled": true,
          "requires": {
            "path-key": "2.0.1"
          }
        },
        "once": {
          "version": "1.4.0",
          "bundled": true,
          "requires": {
            "wrappy": "1.0.2"
          }
        },
        "os-locale": {
          "version": "3.1.0",
          "bundled": true,
          "requires": {
            "execa": "1.0.0",
            "lcid": "2.0.0",
            "mem": "4.3.0"
          }
        },
        "p-defer": {
          "version": "1.0.0",
          "bundled": true
        },
        "p-finally": {
          "version": "1.0.0",
          "bundled": true
        },
        "p-is-promise": {
          "version": "2.1.0",
          "bundled": true
        },
        "p-limit": {
          "version": "2.2.0",
          "bundled": true,
          "requires": {
            "p-try": "2.2.0"
          }
        },
        "p-locate": {
          "version": "3.0.0",
          "bundled": true,
          "requires": {
            "p-limit": "2.2.0"
          }
        },
        "p-try": {
          "version": "2.2.0",
          "bundled": true
        },
        "path-exists": {
          "version": "3.0.0",
          "bundled": true
        },
        "path-key": {
          "version": "2.0.1",
          "bundled": true
        },
        "pump": {
          "version": "3.0.0",
          "bundled": true,
          "requires": {
            "end-of-stream": "1.4.1",
            "once": "1.4.0"
          }
        },
        "require-directory": {
          "version": "2.1.1",
          "bundled": true
        },
        "require-main-filename": {
          "version": "2.0.0",
          "bundled": true
        },
        "ripemd160": {
          "version": "2.0.2",
          "bundled": true,
          "requires": {
            "hash-base": "3.0.4",
            "inherits": "2.0.4"
          }
        },
        "rlp": {
          "version": "2.2.3",
          "bundled": true,
          "requires": {
            "bn.js": "4.11.8",
            "safe-buffer": "5.2.0"
          }
        },
        "safe-buffer": {
          "version": "5.2.0",
          "bundled": true
        },
        "secp256k1": {
          "version": "3.7.1",
          "bundled": true,
          "requires": {
            "bindings": "1.5.0",
            "bip66": "1.1.5",
            "bn.js": "4.11.8",
            "create-hash": "1.2.0",
            "drbg.js": "1.0.1",
            "elliptic": "6.5.0",
            "nan": "2.14.0",
            "safe-buffer": "5.2.0"
          }
        },
        "semver": {
          "version": "5.7.0",
          "bundled": true
        },
        "set-blocking": {
          "version": "2.0.0",
          "bundled": true
        },
        "sha.js": {
          "version": "2.4.11",
          "bundled": true,
          "requires": {
            "inherits": "2.0.4",
            "safe-buffer": "5.2.0"
          }
        },
        "shebang-command": {
          "version": "1.2.0",
          "bundled": true,
          "requires": {
            "shebang-regex": "1.0.0"
          }
        },
        "shebang-regex": {
          "version": "1.0.0",
          "bundled": true
        },
        "signal-exit": {
          "version": "3.0.2",
          "bundled": true
        },
        "source-map": {
          "version": "0.6.1",
          "bundled": true
        },
        "source-map-support": {
          "version": "0.5.12",
          "bundled": true,
          "requires": {
            "buffer-from": "1.1.1",
            "source-map": "0.6.1"
          }
        },
        "string-width": {
          "version": "3.1.0",
          "bundled": true,
          "requires": {
            "emoji-regex": "7.0.3",
            "is-fullwidth-code-point": "2.0.0",
            "strip-ansi": "5.2.0"
          }
        },
        "strip-ansi": {
          "version": "5.2.0",
          "bundled": true,
          "requires": {
            "ansi-regex": "4.1.0"
          }
        },
        "strip-eof": {
          "version": "1.0.0",
          "bundled": true
        },
        "strip-hex-prefix": {
          "version": "1.0.0",
          "bundled": true,
          "requires": {
            "is-hex-prefixed": "1.0.0"
          }
        },
        "which": {
          "version": "1.3.1",
          "bundled": true,
          "requires": {
            "isexe": "2.0.0"
          }
        },
        "which-module": {
          "version": "2.0.0",
          "bundled": true
        },
        "wrap-ansi": {
          "version": "5.1.0",
          "bundled": true,
          "requires": {
            "ansi-styles": "3.2.1",
            "string-width": "3.1.0",
            "strip-ansi": "5.2.0"
          }
        },
        "wrappy": {
          "version": "1.0.2",
          "bundled": true
        },
        "y18n": {
          "version": "4.0.0",
          "bundled": true
        },
        "yargs": {
          "version": "13.2.4",
          "bundled": true,
          "requires": {
            "cliui": "5.0.0",
            "find-up": "3.0.0",
            "get-caller-file": "2.0.5",
            "os-locale": "3.1.0",
            "require-directory": "2.1.1",
            "require-main-filename": "2.0.0",
            "set-blocking": "2.0.0",
            "string-width": "3.1.0",
            "which-module": "2.0.0",
            "y18n": "4.0.0",
            "yargs-parser": "13.1.1"
          }
        },
        "yargs-parser": {
          "version": "13.1.1",
          "bundled": true,
          "requires": {
            "camelcase": "5.3.1",
            "decamelize": "1.2.0"
          }
        }
      }
    },
    "get-func-name": {
      "version": "2.0.0",
      "resolved": "https://registry.npmjs.org/get-func-name/-/get-func-name-2.0.0.tgz",
      "integrity": "sha1-6td0q+5y4gQJQzoGY2YCPdaIekE="
    },
    "is-typedarray": {
      "version": "1.0.0",
      "resolved": "https://registry.npmjs.org/is-typedarray/-/is-typedarray-1.0.0.tgz",
      "integrity": "sha1-5HnICFjfDBsR3dppQPlgEfzaSpo="
    },
    "ms": {
      "version": "2.0.0",
      "resolved": "https://registry.npmjs.org/ms/-/ms-2.0.0.tgz",
      "integrity": "sha1-VgiurfwAvmwpAd9fmGF4jeDVl8g="
    },
    "nan": {
      "version": "2.12.1",
      "resolved": "https://registry.npmjs.org/nan/-/nan-2.12.1.tgz",
      "integrity": "sha512-JY7V6lRkStKcKTvHO5NVSQRv+RV+FIL5pvDoLiAtSL9pKlC5x9PKQcZDsq7m4FO4d57mkhC6Z+QhAh3Jdk5JFw=="
    },
    "pathval": {
      "version": "1.1.0",
      "resolved": "https://registry.npmjs.org/pathval/-/pathval-1.1.0.tgz",
      "integrity": "sha1-uULm1L3mUwBe9rcTYd74cn0GReA="
    },
    "truffle-hdwallet-provider": {
      "version": "1.0.2",
      "resolved": "https://registry.npmjs.org/truffle-hdwallet-provider/-/truffle-hdwallet-provider-1.0.2.tgz",
      "integrity": "sha512-skxwZDG541Qf077aA7VDWn9qhgr9/DjmbFJWLVR/oRrlmOYcIiNXviuBIZ5tZkE7JuFxMzHagkLPOreeko9G+g==",
      "requires": {
        "any-promise": "1.3.0",
        "bindings": "1.3.1",
        "websocket": "1.0.28"
      }
    },
    "type-detect": {
      "version": "4.0.8",
      "resolved": "https://registry.npmjs.org/type-detect/-/type-detect-4.0.8.tgz",
      "integrity": "sha512-0fr/mIH1dlO+x7TlcMy+bIDqKPsw/70tVyeHW787goQjhmqaZe10uwLujubK9q9Lg6Fiho1KUKDYz0Z7k7g5/g=="
    },
    "typedarray-to-buffer": {
      "version": "3.1.5",
      "resolved": "https://registry.npmjs.org/typedarray-to-buffer/-/typedarray-to-buffer-3.1.5.tgz",
      "integrity": "sha512-zdu8XMNEDepKKR+XYOXAVPtWui0ly0NtohUscw+UmaHiAWT8hrV1rr//H6V+0DvJ3OQ19S979M0laLfX8rm82Q==",
      "requires": {
        "is-typedarray": "1.0.0"
      }
    },
    "websocket": {
      "version": "1.0.28",
      "resolved": "https://registry.npmjs.org/websocket/-/websocket-1.0.28.tgz",
      "integrity": "sha512-00y/20/80P7H4bCYkzuuvvfDvh+dgtXi5kzDf3UcZwN6boTYaKvsrtZ5lIYm1Gsg48siMErd9M4zjSYfYFHTrA==",
      "requires": {
        "debug": "2.6.9",
        "nan": "2.12.1",
        "typedarray-to-buffer": "3.1.5",
        "yaeti": "0.0.6"
      }
    },
    "yaeti": {
      "version": "0.0.6",
      "resolved": "https://registry.npmjs.org/yaeti/-/yaeti-0.0.6.tgz",
      "integrity": "sha1-8m9ITXJoTPQr7ft2lwqhYI+/lXc="
    }
  }
}
